{
    "_meta": {
        "hash": {
            "sha256": "12def307b381b3c299dd9e041db627900b2f1b37f89a217568520df054f19030"
        },
        "pipfile-spec": 6,
        "requires": {
            "python_full_version": "3.8.10",
            "python_version": "3.8"
        },
        "sources": [
            {
                "name": "pypi",
                "url": "https://pypi.org/simple",
                "verify_ssl": true
            }
        ]
    },
    "default": {
        "py4j": {
            "hashes": [
                "sha256:624f97c363b8dd84822bc666b12fa7f7d97824632b2ff3d852cc491359ce7615",
                "sha256:bf0485388e415ff26710d2dc719cb0ede16cf1164b1ee757e0ebb2e98c471521"
            ],
            "version": "==0.10.9.2"
        },
        "pyspark": {
            "hashes": [
                "sha256:bfea06179edbfb4bc76a0f470bd3c38e12f00e1023e3ad0373558d07cff102ab"
            ],
            "index": "pypi",
            "version": "==3.2.0"
        }
    },
    "develop": {
        "line-profiler": {
            "hashes": [
                "sha256:14944cf27c355f37e577d5c9a19192d9225766065fc3ea6bfc244ea10f6a4b9b",
                "sha256:1c0f4953090cb280ea6ab3d1fe1b194c4233deb1ee13ce5dc7701b6351fc244f",
                "sha256:1e750b1575e1e8c16da4a045ba4d566eb119a40b0a4ec9c4290cde6f7b2aa292",
                "sha256:1ebea1e3a07f5f2925e6acc52007f041f173fe925b4876ce8c8b169620bf04f3",
                "sha256:2fa73d2ac736902e0a6d1e74cf663244218d9c238a7aa5b5acfd6ac6d4672830",
                "sha256:33c00f4740640aa729fe7118d0dd3c2b96af201c20afcbb5c5f71e1a3cfa10d8",
                "sha256:508f5b6fd43047b0da2cf746f89b56064f23ac9040a1bdc258323634a1e17789",
                "sha256:521eae25a5629e30e3f93a1aedfd20e423352316af29ba1805f8a60fe2b8ec37",
                "sha256:583f3e6282a47f5f1c2aeb1234114f0d49d2eba0bb9c1f05c268d1543fe85794",
                "sha256:66288d7b28c65a647186d5127593041f4ffe9e78649bc4fc2b309d74d2ca6c1f",
                "sha256:6e9873556c851423c4ef112d5391b4d51b8e9f57f031d54a64687f36e17d5efd",
                "sha256:7cbaa08adac1df3b16440ed00b73645cba008355e6e36ffd44f114e91ae554f6",
                "sha256:7e37b62e47814081e36e33c9aee27c966e22ae4ac05b45515e45e5992d121698",
                "sha256:7f67eed9a168293b7ebc5082ec003b4f72c5bd16853a57188d1060e5b6bb2232",
                "sha256:832fb1b2fcec6f466d1b28456ea6bd5208784326202569631100b7281331ca3c",
                "sha256:86851d76cbc3c74c6cb1685cb22802e75b61f8c1d5cf4c1e7c9f3d8c7a032053",
                "sha256:8ada23285e774adfec4088ca8a53565fcd55397d0c2287a03835f9e319785b3e",
                "sha256:924ab02db0d4572dd5f4945c1e0239ec300003fdce47a8ae1775a72477442d92",
                "sha256:93401ea36653105568824becebe21e2a3c0c3e14b671268692b0af979ffa3cda",
                "sha256:99991e9af0b94aa41e3bf7745a21ea194076bd18640d63fdd6f2a535aaa030d0",
                "sha256:9f7fec0d06f96e963cc30647f65442e5264f31c80d0f60dcd4a059973bf24281",
                "sha256:a33d728098af1c0d24a7d6cb121bf4627d423fcd6bc6759525df4b1713fcf7cb",
                "sha256:afa938b78de445f418825017732d4d4ff7a04398c02b57b15803e7936dfd0b39",
                "sha256:b0707458ce16be63855c12f42790bef520ec9674a7373cbb2eec28e3c00dffeb",
                "sha256:b3e6c83a2a5cee7fb3b313141b3be12ff4eb1ba7ec31fb6739ac16a2f45cd001",
                "sha256:b3ed8a4150f7005c477853a97e3d7d36359d0bbdf5992b22cc050eb2b915a9a0",
                "sha256:b432ab2424763103ab01cd7cd38d02de921530b05bc488240be587b29d64fa94",
                "sha256:b46c0c4367077cb77187aca50ee79df1e09348d05dbf0a15341f50741101daa3",
                "sha256:b4d3b9026d2ee110a67b696783f5ad6c198d707701d563401a99d0dd386c5339",
                "sha256:b987232d30f659591c978a40192e66f3815c9be8300cc927d264af9cd9eb73b8",
                "sha256:d161a6e34a8998cd7b94cd7e59c0501a4c06e32a9b0211125f03cbe7643c8142",
                "sha256:d231d8ebda1c0daa8b5c9467932a30602855e6cec7d3e8bd1593a3be0f7e4764",
                "sha256:d89030daef504e4d329f9405e1aae5e1191d8bb51c2bb75f8842b2b910544521",
                "sha256:dea7e688ede3bf1ab85fa71963847472ab5e88ca0d70d46ad5acdd788af584e0",
                "sha256:e9712fcae893ada6217586e3a4d73eaf7a1146596bb9e8152c963413eeb06384",
                "sha256:ec5850c0fdcd7d2b55065c4c3fa92578e0d1331d610431f19af99ed056ef53dd",
                "sha256:fc9703f7aeff1e445661e3cc5b65f139e5e9a0f0666d0cde173586b841401fda"
            ],
            "index": "pypi",
            "version": "==4.1.1"
        },
        "pyinstrument": {
            "hashes": [
                "sha256:01c0d73fd1c7de4b8fca509b7c292709dbe1990527601c7d2307d4f9aca110df",
                "sha256:057feb33230caead5bfe25d488060d07065a1bf7f19f5b2004e661a38dddc9e3",
                "sha256:087ff4e3faca326da071bc73214d73b98c9d7ebea53e70fbe1c033bb6c75f847",
                "sha256:0885b01a901231d071cb182de33012e9b8cbd958fb048236ee2a6e760c6c6e21",
                "sha256:093d1119e20fc68a9f991a1de0bc046fb29e996298d0442c928415738b2546ae",
                "sha256:118440b4c6a925f811d97fba02e99066fca8090710fa51c6873834dd37b39040",
                "sha256:1a5851bf8c253d37b415388a1511239a3486249d87a0436d47317480d1e9557b",
                "sha256:2b9da8eb4f947aba804f61cc311f466105161deebbe49b0a651c20cc0bd804b9",
                "sha256:2be28ec4efa59dd9539bd803381c768a2f2453b6de201e102bf02e17a3efd3f2",
                "sha256:2ef3c856d0ab98372e08e444f6a81efc93dc160d867e3aee1bf4702bd779535d",
                "sha256:31e4a23672cfb8f9864bebea6246182d9398a9131606dc53bce124955258705f",
                "sha256:33ec7d794ad206a2ad905160308cc27ad3a985691e99c31e79cfd8de53b75455",
                "sha256:33ee99f15ac13d02a0319c2d7671dd2ccc19c615c167a9f5fbba43b50c225102",
                "sha256:342923b5c7654c73bcd263733b1e9d2b990c2af60d429badcc7cfd5a21bb384b",
                "sha256:3741e001a2b06be9dc435329f14507b571b273aca8b243b8d2cffd786de1b205",
                "sha256:376924b603278f9df034a8b4a4826ef708abb99acd161b65b66e8b62d596b7c9",
                "sha256:37d25f3aafb4f24080dd4b0966d9a022f660735f8136b7234ec2c7b8ceab14c4",
                "sha256:3bb877bd2bc9bf492257891e585287f65c6374a1511e64f888a1ad112c18103b",
                "sha256:48372e82347281c843f9cd710fc848cb5869634e225d5bffcc627673e7554ac9",
                "sha256:4b9d7254b729571151070a61c7f6c86d02320d62145b9f664a96258fcc26ad1a",
                "sha256:4d6bccf4da8c13065c4096e4669ce483d1614698a279419090b9374f0b96328f",
                "sha256:520c67144da37e93dc03445f8138ef5a9af6f68f89baacb658731d886763f018",
                "sha256:5490c4ddd0f946de2c503c22e1099b34b241d9f4ac80f27b3dc7e484818b734b",
                "sha256:5739550f6a631250aac0b01778882d3e77b3e4ed5c01f4112769ec023cac345d",
                "sha256:59caa57aa868098cbe81c842aeac24efef861a9fb1a1f34aa227b6d57b497e57",
                "sha256:5ae906be229fa5ce649016206baa5d20f6a49bb7b6c7643d019f8024e2d11d66",
                "sha256:612c99a6fbad1bcabae0fe7571f5ede0ecd577d1d4a975d19fcfa281997f7075",
                "sha256:64aefe67e6ad5a8254f36e0cadaa06f873539d34a3e18b883b8fa7278752f541",
                "sha256:70c7542c8edfbaee7d2263b07997e668daf6c73e8386abdd1b1a243e88c29da3",
                "sha256:7241f588e770bfe642cd19e2c8b7560a9cf9e0c2998c0a70ee0ea6333d7404b3",
                "sha256:7ce3adea93d6f4ff54893428b49f1b771f9aa7294a79d812a207c7dd9cbe8161",
                "sha256:7f83b475f90764beb9a44505539f19c005ca31526f35358cde0a02b140c09c4e",
                "sha256:80f89f8f296005eb1f8616cd602ffbdf9efcc069e145a35f35654270c2b7641f",
                "sha256:82d49865f6aef776ab914b9f09c26ad6279397d8fd26a79a3008c1becab4d88c",
                "sha256:8d2b2e9c0e6b6cf444716829a00855796a7f80b5bcabe07ddb29dd5c238e5014",
                "sha256:92d450301957fa328391ab3da13a26249268233ea0fd1542613c148b8a635950",
                "sha256:944c8a1e8451b9114cff42a0d7d59e482bbf060ccc3ef927d351f8d383f52678",
                "sha256:94f82899486441f0b31c53c4250cb65a9f20036cacb6fb75315069a7b1e3703b",
                "sha256:9c08df4e0b3615df56affdb0898f89c3a964779b344b11f9edae4b5b7ac6d033",
                "sha256:ad9677beb345b3a3fe9967e90dfbbcf458f73ae8fc522fdbfda5bab75a1e5014",
                "sha256:afa5fdcd65ae4d2c11871da01576c3c2c19f70135f6b107cb7550a334441b4f8",
                "sha256:b027951df515c896243145239e91aeb63b19b642d0f4d5ff702a9393dd4736fa",
                "sha256:ba6b864a8234f3faf1a3a52587368975d9aca6944a06a68114eb1153501679b4",
                "sha256:bb5f5d219b5f52b33462179ecf33ad8651672bc9410f6f6dfd3edf2095acae42",
                "sha256:bb637628274e819faec00532cada45d0da8ae4f4033baa84f9cdce559911a4a4",
                "sha256:c04e101c32102091280ac759578d991a3a71a41fe357c651cd78b8bbe9879daf",
                "sha256:c9dc5c501ca01c8649a967442d52eedaee63c52fcdc0fd4fb69974bc4d678978",
                "sha256:d06ef692650f24feb3817869e6519ac117c3358bfe6474c0ded2cbca53c69a5f",
                "sha256:d1949f4c4f92ea674415c74a6e5d2105b92175019b03b4808bb61d9a777baffc",
                "sha256:d4cf26f0f813db178eb36db8fa0ae48cd600b7e3c0447beddd8e7e7cec26e992",
                "sha256:d4efe0cdccdd44514a6ae7c061dd88d221dd77ae7d7bfd2d743c1f51f90fa3e1",
                "sha256:df3e9fdea7f4a2a39a4403044c06efd5d00674807b9f8c104d24f5bf1412e33f",
                "sha256:e295571bec2bfc1cfbb1ddd66aa5d06c54cf67179c46f0bbdcf709e8130533fd",
                "sha256:e77f1a708a895f25300f7dc9b4fd5b34218ecc9c7084733d5ebb849e3ff5af99",
                "sha256:e7ab85c0090fd21b5c7910ef01da37be25b574db2cbdc7584e4e2371cb1f13b0",
                "sha256:efa3140c8813056c5af939f39d750461bb917a0ba96b76cd0171c033939ae0bc",
                "sha256:f168dfa4328c25c0c3444b62cc8445ac7c0dbbb6cdaf79022267571e12d78d3c",
                "sha256:f27742fa4b40c2fde105c24b190fa7d54e76195bc4c8d8a4fc5fa1af663468d3",
                "sha256:f294980f636193fdb70f671d17fc98fd4f3624aef1ce061b36be14f53bbe84b4",
                "sha256:f467f9308a613fec0be43fa49469ad2f2c99e62e801802e8d59d938acc4acda9"
            ],
            "index": "pypi",
            "version": "==4.5.3"
        },
        "yappi": {
            "hashes": [
                "sha256:01fc1f7f76a43a2d0ded34313c97395e3c3323e796945b183569a5a0365b14a3",
                "sha256:05b2c6c7f0667b46cd7cccbd36cff1b10f4b3f6625aacea5eb0ac99cd9ca7520",
                "sha256:14068a34907f4e7404b6b87a7bda2d55be2bde4d4d7f9e254b2cd26187cc2ebc",
                "sha256:1413d3fb200c0011b22764a227fb9e56e479acb1ec2b7c134c62d70a76a7e1f2",
                "sha256:194a565ab0145ff10e31389fb364a35a4f5160ad6af17362355592cfddf2ae6e",
                "sha256:2e4a0af76310957d12ff2d661e2ec3509ee4b4661929fec04d0dc40a0c8866ae",
                "sha256:3033cdbd482a79ecafcafef8a1a0699ad333ee87bc7a28bd07c461ef196b2ea3",
                "sha256:34aed429e1ef04d5b432bbbd719d7c7707b9fb310e30f78c61d0b31733626af8",
                "sha256:36eaa02d53842b22157f1b150db79d03cae1cc635f708fa82737bcdfd4aa2bd9",
                "sha256:38b0235574b7c0c549d97baa63f5fa4660b6d34a0b00ee8cc48d04ef19cf71fb",
                "sha256:3a9652e7785f4b4c8bb3a8fa9ee33adf5e3f6dd893de4465008f75b1306f7895",
                "sha256:3e5d5a95a8681dc91f5a22c81d458109dcbcd718a551b647d28075574dfb8cbb",
                "sha256:407b119f394ab60bb0a3d07efcb92d4846ef40ab40fff02c8902ca8d800f85d3",
                "sha256:42ddd97258604bb1bea1b7dce2790c24f9b9bca970d844cb7afe98a9fbbf1425",
                "sha256:4f42a9de88cfcbcd3f05834b4cc585e6e70ae0c4e03918b41865ccca02d2514b",
                "sha256:504b5d8fc7433736cb5e257991d2e7f2946019174f1faec7b2fe947881a17fc0",
                "sha256:5092940caea4cc150ba21d9afbafc8b00770f33ab5de55638c2bbd2c6f7f82cf",
                "sha256:52b82a8ec9d5e86e828fe35821a8482c94ca1dec8a278bb8001d21f2c8af98a8",
                "sha256:57f9d3a88b822e3727505cf0a59e4b1038de4cd34555749bdc65ac258a58ca23",
                "sha256:5e4de1137021f80a238217444c0ad5f0e393082f4744ecae3d92eb3a9b98ca3e",
                "sha256:61a2c7dc15eeccd1909c6bc5783e63fb06ee7725e5aa006b83cd6afb49a343c7",
                "sha256:64529504c5522b1c8c79eeb27a68f84979ce9415150c32cd7e06618383443bcc",
                "sha256:71a6bce588d03240d8c05aa734d97d69c595ac382644701eaaca2421f6e37c9e",
                "sha256:733b4088a54996e7811dca94de633ffe4b906b6e6b8147c31913b674ae6e90cc",
                "sha256:7ab23d95fe8130445f1e089af7efec21f172611b306283496c99089839ef61c5",
                "sha256:7b286c4fcc72812adbd19280329a3c0144582abd1e5a3513d93a8bb2d3d1abaa",
                "sha256:8791dbdf17673fb14a6cff150a8b2c85a5e40c455eebb37a62ea4dc74c077408",
                "sha256:89d352ea770860617f55539e860440a166c5b9c1a67a7f351fed4030af9943b0",
                "sha256:987c8f658e1d2e4029612c33a4ff7b04f9a8fbd96e315eefb0384943830ae68b",
                "sha256:9ab8c17980e6bdb522b03b118f6d62362c92f7be40a81a4e89746d0eeae1e3ab",
                "sha256:a279bb01f9c4b4c99cb959210e49151afd6c76693eca8a01311343efe8f31262",
                "sha256:a3bb2d75620ac9ef69f11c62e737469ef155e566e51ed85a74126871e45d2051",
                "sha256:a5767d79a44d47a34be469d798ddc56cff251394af1f4fde2463de9359a8c38e",
                "sha256:a5cd0ed067b4499fa45f08e78e0caf9154bc5ae28eca90167107b1fcfa741dac",
                "sha256:aef7a5bd5cd7e36adb90419984f29809eee51c9a9b74849b9dfa6077075da21f",
                "sha256:bad0766003eaa683e56f77166d4551c2f7530ec13aa602ada5cd8ddfe130d42b",
                "sha256:bbdd6043e24f5c84a042ea8af69a1f2720571426fd1985814cf41e6d7a17f5c9",
                "sha256:c81d957b10085ce32bb232896d258e9e87ae4ac4e044e755eb505f1c8eb148da",
                "sha256:d80262ef4bf8ebd7c81e37832b41fe3b0b74621a24eb853b0444e06b01a44a1a",
                "sha256:d878f66d0b5d79396d6f034f8d89615517a4c4410e97b84d48402e940f9501d5",
                "sha256:d8bc404a3201ec9dc93ab669a700b4f3736bbe3a029e85dc046f278541b83f74",
                "sha256:ec8ada826232137560e6ac7644ace8305b4dacbca0f9fff246ffee52db0a3c3a",
                "sha256:f3fb92fe0ea47142275fbe6e5d1daa9685c2e25bfd6a9478c2669e8828b3abf8"
            ],
            "index": "pypi",
            "version": "==1.4.0"
        }
    }
}
